
Microsoft Visual Studio Solution File, Format Version 12.00
# Visual Studio 14
VisualStudioVersion = 14.0.25420.1
MinimumVisualStudioVersion = 10.0.40219.1
Project("{FAE04EC0-301F-11D3-BF4B-00C04F79EFBC}") = "MovieStore", "MovieStore\MovieStore.csproj", "{061F7A98-1D80-4FF3-B97D-93EADB5BA562}"
EndProject
Project("{FAE04EC0-301F-11D3-BF4B-00C04F79EFBC}") = "WebMovieStore.Tests", "WebMovieStore.Tests\WebMovieStore.Tests.csproj", "{907616A3-801F-4DD2-A86B-0B2496FC777B}"
EndProject
Project("{FAE04EC0-301F-11D3-BF4B-00C04F79EFBC}") = "ClientWebMovieStore", "ClientWebMovieStore\ClientWebMovieStore.csproj", "{A0162E8C-75C7-4437-98ED-CAA6FA1159A3}"
EndProject
Project("{FAE04EC0-301F-11D3-BF4B-00C04F79EFBC}") = "ClientWebMovieStore.Tests", "ClientWebMovieStore.Tests\ClientWebMovieStore.Tests.csproj", "{BD337BF9-3E19-4DD3-B938-074926698FED}"
EndProject
Global
	GlobalSection(SolutionConfigurationPlatforms) = preSolution
		Debug|Any CPU = Debug|Any CPU
		Release|Any CPU = Release|Any CPU
	EndGlobalSection
	GlobalSection(ProjectConfigurationPlatforms) = postSolution
		{061F7A98-1D80-4FF3-B97D-93EADB5BA562}.Debug|Any CPU.ActiveCfg = Debug|Any CPU
		{061F7A98-1D80-4FF3-B97D-93EADB5BA562}.Debug|Any CPU.Build.0 = Debug|Any CPU
		{061F7A98-1D80-4FF3-B97D-93EADB5BA562}.Release|Any CPU.ActiveCfg = Release|Any CPU
		{061F7A98-1D80-4FF3-B97D-93EADB5BA562}.Release|Any CPU.Build.0 = Release|Any CPU
		{907616A3-801F-4DD2-A86B-0B2496FC777B}.Debug|Any CPU.ActiveCfg = Debug|Any CPU
		{907616A3-801F-4DD2-A86B-0B2496FC777B}.Debug|Any CPU.Build.0 = Debug|Any CPU
		{907616A3-801F-4DD2-A86B-0B2496FC777B}.Release|Any CPU.ActiveCfg = Release|Any CPU
		{907616A3-801F-4DD2-A86B-0B2496FC777B}.Release|Any CPU.Build.0 = Release|Any CPU
		{A0162E8C-75C7-4437-98ED-CAA6FA1159A3}.Debug|Any CPU.ActiveCfg = Debug|Any CPU
		{A0162E8C-75C7-4437-98ED-CAA6FA1159A3}.Debug|Any CPU.Build.0 = Debug|Any CPU
		{A0162E8C-75C7-4437-98ED-CAA6FA1159A3}.Release|Any CPU.ActiveCfg = Release|Any CPU
		{A0162E8C-75C7-4437-98ED-CAA6FA1159A3}.Release|Any CPU.Build.0 = Release|Any CPU
		{BD337BF9-3E19-4DD3-B938-074926698FED}.Debug|Any CPU.ActiveCfg = Debug|Any CPU
		{BD337BF9-3E19-4DD3-B938-074926698FED}.Debug|Any CPU.Build.0 = Debug|Any CPU
		{BD337BF9-3E19-4DD3-B938-074926698FED}.Release|Any CPU.ActiveCfg = Release|Any CPU
		{BD337BF9-3E19-4DD3-B938-074926698FED}.Release|Any CPU.Build.0 = Release|Any CPU
	EndGlobalSection
	GlobalSection(SolutionProperties) = preSolution
		HideSolutionNode = FALSE
	EndGlobalSection
EndGlobal
